
Microsoft Visual Studio Solution File, Format Version 12.00
# Visual Studio Version 16
VisualStudioVersion = 16.0.31229.75
MinimumVisualStudioVersion = 10.0.40219.1
Project("{9A19103F-16F7-4668-BE54-9A1E7A4F7556}") = "ApiTest", "ApiTest\ApiTest.csproj", "{669AFD6F-AA68-436C-926C-4AD4F9C26F64}"
EndProject
Project("{2150E333-8FDC-42A3-9474-1A3956D46DE8}") = "Solution Items", "Solution Items", "{4BA9B044-90A4-4367-8E87-4E9B5AAF096D}"
	ProjectSection(SolutionItems) = preProject
		LICENSE = LICENSE
		README.md = README.md
	EndProjectSection
EndProject
Global
	GlobalSection(SolutionConfigurationPlatforms) = preSolution
		Debug|Any CPU = Debug|Any CPU
		Release|Any CPU = Release|Any CPU
	EndGlobalSection
	GlobalSection(ProjectConfigurationPlatforms) = postSolution
		{669AFD6F-AA68-436C-926C-4AD4F9C26F64}.Debug|Any CPU.ActiveCfg = Debug|Any CPU
		{669AFD6F-AA68-436C-926C-4AD4F9C26F64}.Debug|Any CPU.Build.0 = Debug|Any CPU
		{669AFD6F-AA68-436C-926C-4AD4F9C26F64}.Release|Any CPU.ActiveCfg = Release|Any CPU
		{669AFD6F-AA68-436C-926C-4AD4F9C26F64}.Release|Any CPU.Build.0 = Release|Any CPU
	EndGlobalSection
	GlobalSection(SolutionProperties) = preSolution
		HideSolutionNode = FALSE
	EndGlobalSection
	GlobalSection(ExtensibilityGlobals) = postSolution
		SolutionGuid = {19008BBA-03E2-4966-BD72-E6C351A8C09C}
	EndGlobalSection
EndGlobal
